
Microsoft Visual Studio Solution File, Format Version 12.00
# Visual Studio Version 17
VisualStudioVersion = 17.7.34221.43
MinimumVisualStudioVersion = 10.0.40219.1
Project("{FAE04EC0-301F-11D3-BF4B-00C04F79EFBC}") = "WiKi_InfraEdge", "WiKi_InfraEdge\WiKi_InfraEdge.csproj", "{16F1979D-9F6F-4FFB-A328-941282F25CD3}"
EndProject
Project("{2150E333-8FDC-42A3-9474-1A3956D46DE8}") = "Infra", "Infra", "{7F344152-6340-44B1-B11A-00E0E9FF654D}"
EndProject
Project("{2150E333-8FDC-42A3-9474-1A3956D46DE8}") = "Common", "Common", "{B2662150-2625-4312-9E6E-3A1110FA78FC}"
EndProject
Project("{2150E333-8FDC-42A3-9474-1A3956D46DE8}") = "WikiOrg", "WikiOrg", "{6084B4B9-E365-40D1-BF64-8BC767E0D596}"
EndProject
Project("{2150E333-8FDC-42A3-9474-1A3956D46DE8}") = "MainPage", "MainPage", "{58BDA3B0-FF3D-4C7B-9ACC-F893FDBCDC3D}"
EndProject
Project("{2150E333-8FDC-42A3-9474-1A3956D46DE8}") = "TestAutomationPage", "TestAutomationPage", "{10944117-1D1D-4E15-8283-7BB76E7201AD}"
EndProject
Project("{FAE04EC0-301F-11D3-BF4B-00C04F79EFBC}") = "Common", "Common\Common\Common.csproj", "{099D60F5-E919-420D-87F2-01302D76589C}"
EndProject
Project("{FAE04EC0-301F-11D3-BF4B-00C04F79EFBC}") = "TestAutomationPage", "Infra\TestAutomationPage\TestAutomationPage\TestAutomationPage.csproj", "{FDC156A2-AA94-4385-B2C2-C72F0212FB13}"
EndProject
Project("{2150E333-8FDC-42A3-9474-1A3956D46DE8}") = "API", "API", "{0DA1584B-9ABC-4ECB-B62F-777C1604DABF}"
EndProject
Project("{FAE04EC0-301F-11D3-BF4B-00C04F79EFBC}") = "RestHTTP", "Common\RestHTTP\RestHTTP.csproj", "{78258804-894B-4825-8F6F-946ECBD12552}"
EndProject
Project("{FAE04EC0-301F-11D3-BF4B-00C04F79EFBC}") = "API", "Infra\WikiOrg\New folder\API\API.csproj", "{356BCF46-8E4C-4BE7-9CF4-305A51B6617F}"
EndProject
Project("{FAE04EC0-301F-11D3-BF4B-00C04F79EFBC}") = "BasePage", "Infra\BasePage\BasePage.csproj", "{DA4DA90C-2F2C-430F-9FDE-C15FD61A29B1}"
EndProject
Global
	GlobalSection(SolutionConfigurationPlatforms) = preSolution
		Debug|Any CPU = Debug|Any CPU
		Release|Any CPU = Release|Any CPU
	EndGlobalSection
	GlobalSection(ProjectConfigurationPlatforms) = postSolution
		{16F1979D-9F6F-4FFB-A328-941282F25CD3}.Debug|Any CPU.ActiveCfg = Debug|Any CPU
		{16F1979D-9F6F-4FFB-A328-941282F25CD3}.Debug|Any CPU.Build.0 = Debug|Any CPU
		{16F1979D-9F6F-4FFB-A328-941282F25CD3}.Release|Any CPU.ActiveCfg = Release|Any CPU
		{16F1979D-9F6F-4FFB-A328-941282F25CD3}.Release|Any CPU.Build.0 = Release|Any CPU
		{099D60F5-E919-420D-87F2-01302D76589C}.Debug|Any CPU.ActiveCfg = Debug|Any CPU
		{099D60F5-E919-420D-87F2-01302D76589C}.Debug|Any CPU.Build.0 = Debug|Any CPU
		{099D60F5-E919-420D-87F2-01302D76589C}.Release|Any CPU.ActiveCfg = Release|Any CPU
		{099D60F5-E919-420D-87F2-01302D76589C}.Release|Any CPU.Build.0 = Release|Any CPU
		{FDC156A2-AA94-4385-B2C2-C72F0212FB13}.Debug|Any CPU.ActiveCfg = Debug|Any CPU
		{FDC156A2-AA94-4385-B2C2-C72F0212FB13}.Debug|Any CPU.Build.0 = Debug|Any CPU
		{FDC156A2-AA94-4385-B2C2-C72F0212FB13}.Release|Any CPU.ActiveCfg = Release|Any CPU
		{FDC156A2-AA94-4385-B2C2-C72F0212FB13}.Release|Any CPU.Build.0 = Release|Any CPU
		{78258804-894B-4825-8F6F-946ECBD12552}.Debug|Any CPU.ActiveCfg = Debug|Any CPU
		{78258804-894B-4825-8F6F-946ECBD12552}.Debug|Any CPU.Build.0 = Debug|Any CPU
		{78258804-894B-4825-8F6F-946ECBD12552}.Release|Any CPU.ActiveCfg = Release|Any CPU
		{78258804-894B-4825-8F6F-946ECBD12552}.Release|Any CPU.Build.0 = Release|Any CPU
		{356BCF46-8E4C-4BE7-9CF4-305A51B6617F}.Debug|Any CPU.ActiveCfg = Debug|Any CPU
		{356BCF46-8E4C-4BE7-9CF4-305A51B6617F}.Debug|Any CPU.Build.0 = Debug|Any CPU
		{356BCF46-8E4C-4BE7-9CF4-305A51B6617F}.Release|Any CPU.ActiveCfg = Release|Any CPU
		{356BCF46-8E4C-4BE7-9CF4-305A51B6617F}.Release|Any CPU.Build.0 = Release|Any CPU
		{DA4DA90C-2F2C-430F-9FDE-C15FD61A29B1}.Debug|Any CPU.ActiveCfg = Debug|Any CPU
		{DA4DA90C-2F2C-430F-9FDE-C15FD61A29B1}.Debug|Any CPU.Build.0 = Debug|Any CPU
		{DA4DA90C-2F2C-430F-9FDE-C15FD61A29B1}.Release|Any CPU.ActiveCfg = Release|Any CPU
		{DA4DA90C-2F2C-430F-9FDE-C15FD61A29B1}.Release|Any CPU.Build.0 = Release|Any CPU
	EndGlobalSection
	GlobalSection(SolutionProperties) = preSolution
		HideSolutionNode = FALSE
	EndGlobalSection
	GlobalSection(NestedProjects) = preSolution
		{6084B4B9-E365-40D1-BF64-8BC767E0D596} = {7F344152-6340-44B1-B11A-00E0E9FF654D}
		{58BDA3B0-FF3D-4C7B-9ACC-F893FDBCDC3D} = {6084B4B9-E365-40D1-BF64-8BC767E0D596}
		{10944117-1D1D-4E15-8283-7BB76E7201AD} = {6084B4B9-E365-40D1-BF64-8BC767E0D596}
		{099D60F5-E919-420D-87F2-01302D76589C} = {B2662150-2625-4312-9E6E-3A1110FA78FC}
		{FDC156A2-AA94-4385-B2C2-C72F0212FB13} = {10944117-1D1D-4E15-8283-7BB76E7201AD}
		{0DA1584B-9ABC-4ECB-B62F-777C1604DABF} = {6084B4B9-E365-40D1-BF64-8BC767E0D596}
		{78258804-894B-4825-8F6F-946ECBD12552} = {B2662150-2625-4312-9E6E-3A1110FA78FC}
		{356BCF46-8E4C-4BE7-9CF4-305A51B6617F} = {0DA1584B-9ABC-4ECB-B62F-777C1604DABF}
		{DA4DA90C-2F2C-430F-9FDE-C15FD61A29B1} = {7F344152-6340-44B1-B11A-00E0E9FF654D}
	EndGlobalSection
	GlobalSection(ExtensibilityGlobals) = postSolution
		SolutionGuid = {287A4378-73AB-4928-AB19-F4F8701BC399}
	EndGlobalSection
EndGlobal
